// !$*UTF8*$!
{
	archiveVersion = 1;
	classes = {
	};
	objectVersion = 48;
	objects = {

/* Begin PBXBuildFile section */
		206B195020EC4C8900C5F62F /* HackerStickers StickerPackExtension.appex in Embed App Extensions */ = {isa = PBXBuildFile; fileRef = 206B194F20EC4C8900C5F62F /* HackerStickers StickerPackExtension.appex */; settings = {ATTRIBUTES = (RemoveHeadersOnCopy, ); }; };
		206B195420EC4C8900C5F62F /* Stickers.xcstickers in Resources */ = {isa = PBXBuildFile; fileRef = 206B195320EC4C8900C5F62F /* Stickers.xcstickers */; };
		206B195520EC4C8900C5F62F /* Stickers.xcstickers in Resources */ = {isa = PBXBuildFile; fileRef = 206B195320EC4C8900C5F62F /* Stickers.xcstickers */; };
/* End PBXBuildFile section */

/* Begin PBXContainerItemProxy section */
		206B195120EC4C8900C5F62F /* PBXContainerItemProxy */ = {
			isa = PBXContainerItemProxy;
			containerPortal = 206B194520EC4C8800C5F62F /* Project object */;
			proxyType = 1;
			remoteGlobalIDString = 206B194E20EC4C8900C5F62F;
			remoteInfo = "HackerStickers StickerPackExtension";
		};
/* End PBXContainerItemProxy section */

/* Begin PBXCopyFilesBuildPhase section */
		206B195B20EC4C8900C5F62F /* Embed App Extensions */ = {
			isa = PBXCopyFilesBuildPhase;
			buildActionMask = 2147483647;
			dstPath = "";
			dstSubfolderSpec = 13;
			files = (
				206B195020EC4C8900C5F62F /* HackerStickers StickerPackExtension.appex in Embed App Extensions */,
			);
			name = "Embed App Extensions";
			runOnlyForDeploymentPostprocessing = 0;
		};
/* End PBXCopyFilesBuildPhase section */

/* Begin PBXFileReference section */
		206B194B20EC4C8900C5F62F /* HackerStickers.app */ = {isa = PBXFileReference; explicitFileType = wrapper.application; includeInIndex = 0; path = HackerStickers.app; sourceTree = BUILT_PRODUCTS_DIR; };
		206B194F20EC4C8900C5F62F /* HackerStickers StickerPackExtension.appex */ = {isa = PBXFileReference; explicitFileType = "wrapper.app-extension"; includeInIndex = 0; path = "HackerStickers StickerPackExtension.appex"; sourceTree = BUILT_PRODUCTS_DIR; };
		206B195320EC4C8900C5F62F /* Stickers.xcstickers */ = {isa = PBXFileReference; lastKnownFileType = folder.stickers; name = Stickers.xcstickers; path = "HackerStickers StickerPackExtension/Stickers.xcstickers"; sourceTree = "<group>"; };
/* End PBXFileReference section */

/* Begin PBXGroup section */
		206B194420EC4C8800C5F62F = {
			isa = PBXGroup;
			children = (
				206B195320EC4C8900C5F62F /* Stickers.xcstickers */,
				206B194C20EC4C8900C5F62F /* Products */,
			);
			sourceTree = "<group>";
		};
		206B194C20EC4C8900C5F62F /* Products */ = {
			isa = PBXGroup;
			children = (
				206B194B20EC4C8900C5F62F /* HackerStickers.app */,
				206B194F20EC4C8900C5F62F /* HackerStickers StickerPackExtension.appex */,
			);
			name = Products;
			sourceTree = "<group>";
		};
/* End PBXGroup section */

/* Begin PBXNativeTarget section */
		206B194A20EC4C8900C5F62F /* HackerStickers */ = {
			isa = PBXNativeTarget;
			buildConfigurationList = 206B195C20EC4C8900C5F62F /* Build configuration list for PBXNativeTarget "HackerStickers" */;
			buildPhases = (
				206B194920EC4C8900C5F62F /* Resources */,
				206B195B20EC4C8900C5F62F /* Embed App Extensions */,
			);
			buildRules = (
			);
			dependencies = (
				206B195220EC4C8900C5F62F /* PBXTargetDependency */,
			);
			name = HackerStickers;
			productName = HackerStickers;
			productReference = 206B194B20EC4C8900C5F62F /* HackerStickers.app */;
			productType = "com.apple.product-type.application.messages";
		};
		206B194E20EC4C8900C5F62F /* HackerStickers StickerPackExtension */ = {
			isa = PBXNativeTarget;
			buildConfigurationList = 206B195820EC4C8900C5F62F /* Build configuration list for PBXNativeTarget "HackerStickers StickerPackExtension" */;
			buildPhases = (
				206B194D20EC4C8900C5F62F /* Resources */,
			);
			buildRules = (
			);
			dependencies = (
			);
			name = "HackerStickers StickerPackExtension";
			productName = "HackerStickers StickerPackExtension";
			productReference = 206B194F20EC4C8900C5F62F /* HackerStickers StickerPackExtension.appex */;
			productType = "com.apple.product-type.app-extension.messages-sticker-pack";
		};
/* End PBXNativeTarget section */

/* Begin PBXProject section */
		206B194520EC4C8800C5F62F /* Project object */ = {
			isa = PBXProject;
			attributes = {
				LastUpgradeCheck = 0920;
				ORGANIZATIONNAME = "Skylar McCauley";
				TargetAttributes = {
					206B194A20EC4C8900C5F62F = {
						CreatedOnToolsVersion = 9.2;
						ProvisioningStyle = Automatic;
					};
					206B194E20EC4C8900C5F62F = {
						CreatedOnToolsVersion = 9.2;
						ProvisioningStyle = Automatic;
					};
				};
			};
			buildConfigurationList = 206B194820EC4C8800C5F62F /* Build configuration list for PBXProject "HackerStickers" */;
			compatibilityVersion = "Xcode 8.0";
			developmentRegion = en;
			hasScannedForEncodings = 0;
			knownRegions = (
				en,
			);
			mainGroup = 206B194420EC4C8800C5F62F;
			productRefGroup = 206B194C20EC4C8900C5F62F /* Products */;
			projectDirPath = "";
			projectRoot = "";
			targets = (
				206B194A20EC4C8900C5F62F /* HackerStickers */,
				206B194E20EC4C8900C5F62F /* HackerStickers StickerPackExtension */,
			);
		};
/* End PBXProject section */

/* Begin PBXResourcesBuildPhase section */
		206B194920EC4C8900C5F62F /* Resources */ = {
			isa = PBXResourcesBuildPhase;
			buildActionMask = 2147483647;
			files = (
				206B195520EC4C8900C5F62F /* Stickers.xcstickers in Resources */,
			);
			runOnlyForDeploymentPostprocessing = 0;
		};
		206B194D20EC4C8900C5F62F /* Resources */ = {
			isa = PBXResourcesBuildPhase;
			buildActionMask = 2147483647;
			files = (
				206B195420EC4C8900C5F62F /* Stickers.xcstickers in Resources */,
			);
			runOnlyForDeploymentPostprocessing = 0;
		};
/* End PBXResourcesBuildPhase section */

/* Begin PBXTargetDependency section */
		206B195220EC4C8900C5F62F /* PBXTargetDependency */ = {
			isa = PBXTargetDependency;
			target = 206B194E20EC4C8900C5F62F /* HackerStickers StickerPackExtension */;
			targetProxy = 206B195120EC4C8900C5F62F /* PBXContainerItemProxy */;
		};
/* End PBXTargetDependency section */

/* Begin XCBuildConfiguration section */
		206B195620EC4C8900C5F62F /* Debug */ = {
			isa = XCBuildConfiguration;
			buildSettings = {
				ALWAYS_SEARCH_USER_PATHS = NO;
				CLANG_ANALYZER_NONNULL = YES;
				CLANG_ANALYZER_NUMBER_OBJECT_CONVERSION = YES_AGGRESSIVE;
				CLANG_CXX_LANGUAGE_STANDARD = "gnu++14";
				CLANG_CXX_LIBRARY = "libc++";
				CLANG_ENABLE_MODULES = YES;
				CLANG_ENABLE_OBJC_ARC = YES;
				CLANG_WARN_BLOCK_CAPTURE_AUTORELEASING = YES;
				CLANG_WARN_BOOL_CONVERSION = YES;
				CLANG_WARN_COMMA = YES;
				CLANG_WARN_CONSTANT_CONVERSION = YES;
				CLANG_WARN_DIRECT_OBJC_ISA_USAGE = YES_ERROR;
				CLANG_WARN_DOCUMENTATION_COMMENTS = YES;
				CLANG_WARN_EMPTY_BODY = YES;
				CLANG_WARN_ENUM_CONVERSION = YES;
				CLANG_WARN_INFINITE_RECURSION = YES;
				CLANG_WARN_INT_CONVERSION = YES;
				CLANG_WARN_NON_LITERAL_NULL_CONVERSION = YES;
				CLANG_WARN_OBJC_LITERAL_CONVERSION = YES;
				CLANG_WARN_OBJC_ROOT_CLASS = YES_ERROR;
				CLANG_WARN_RANGE_LOOP_ANALYSIS = YES;
				CLANG_WARN_STRICT_PROTOTYPES = YES;
				CLANG_WARN_SUSPICIOUS_MOVE = YES;
				CLANG_WARN_UNGUARDED_AVAILABILITY = YES_AGGRESSIVE;
				CLANG_WARN_UNREACHABLE_CODE = YES;
				CLANG_WARN__DUPLICATE_METHOD_MATCH = YES;
				CODE_SIGN_IDENTITY = "iPhone Developer";
				COPY_PHASE_STRIP = NO;
				DEBUG_INFORMATION_FORMAT = dwarf;
				ENABLE_STRICT_OBJC_MSGSEND = YES;
				ENABLE_TESTABILITY = YES;
				GCC_C_LANGUAGE_STANDARD = gnu11;
				GCC_DYNAMIC_NO_PIC = NO;
				GCC_NO_COMMON_BLOCKS = YES;
				GCC_OPTIMIZATION_LEVEL = 0;
				GCC_PREPROCESSOR_DEFINITIONS = (
					"DEBUG=1",
					"$(inherited)",
				);
				GCC_WARN_64_TO_32_BIT_CONVERSION = YES;
				GCC_WARN_ABOUT_RETURN_TYPE = YES_ERROR;
				GCC_WARN_UNDECLARED_SELECTOR = YES;
				GCC_WARN_UNINITIALIZED_AUTOS = YES_AGGRESSIVE;
				GCC_WARN_UNUSED_FUNCTION = YES;
				GCC_WARN_UNUSED_VARIABLE = YES;
				IPHONEOS_DEPLOYMENT_TARGET = 11.2;
				MTL_ENABLE_DEBUG_INFO = YES;
				ONLY_ACTIVE_ARCH = YES;
				SDKROOT = iphoneos;
			};
			name = Debug;
		};
		206B195720EC4C8900C5F62F /* Release */ = {
			isa = XCBuildConfiguration;
			buildSettings = {
				ALWAYS_SEARCH_USER_PATHS = NO;
				CLANG_ANALYZER_NONNULL = YES;
				CLANG_ANALYZER_NUMBER_OBJECT_CONVERSION = YES_AGGRESSIVE;
				CLANG_CXX_LANGUAGE_STANDARD = "gnu++14";
				CLANG_CXX_LIBRARY = "libc++";
				CLANG_ENABLE_MODULES = YES;
				CLANG_ENABLE_OBJC_ARC = YES;
				CLANG_WARN_BLOCK_CAPTURE_AUTORELEASING = YES;
				CLANG_WARN_BOOL_CONVERSION = YES;
				CLANG_WARN_COMMA = YES;
				CLANG_WARN_CONSTANT_CONVERSION = YES;
				CLANG_WARN_DIRECT_OBJC_ISA_USAGE = YES_ERROR;
				CLANG_WARN_DOCUMENTATION_COMMENTS = YES;
				CLANG_WARN_EMPTY_BODY = YES;
				CLANG_WARN_ENUM_CONVERSION = YES;
				CLANG_WARN_INFINITE_RECURSION = YES;
				CLANG_WARN_INT_CONVERSION = YES;
				CLANG_WARN_NON_LITERAL_NULL_CONVERSION = YES;
				CLANG_WARN_OBJC_LITERAL_CONVERSION = YES;
				CLANG_WARN_OBJC_ROOT_CLASS = YES_ERROR;
				CLANG_WARN_RANGE_LOOP_ANALYSIS = YES;
				CLANG_WARN_STRICT_PROTOTYPES = YES;
				CLANG_WARN_SUSPICIOUS_MOVE = YES;
				CLANG_WARN_UNGUARDED_AVAILABILITY = YES_AGGRESSIVE;
				CLANG_WARN_UNREACHABLE_CODE = YES;
				CLANG_WARN__DUPLICATE_METHOD_MATCH = YES;
				CODE_SIGN_IDENTITY = "iPhone Developer";
				COPY_PHASE_STRIP = NO;
				DEBUG_INFORMATION_FORMAT = "dwarf-with-dsym";
				ENABLE_NS_ASSERTIONS = NO;
				ENABLE_STRICT_OBJC_MSGSEND = YES;
				GCC_C_LANGUAGE_STANDARD = gnu11;
				GCC_NO_COMMON_BLOCKS = YES;
				GCC_WARN_64_TO_32_BIT_CONVERSION = YES;
				GCC_WARN_ABOUT_RETURN_TYPE = YES_ERROR;
				GCC_WARN_UNDECLARED_SELECTOR = YES;
				GCC_WARN_UNINITIALIZED_AUTOS = YES_AGGRESSIVE;
				GCC_WARN_UNUSED_FUNCTION = YES;
				GCC_WARN_UNUSED_VARIABLE = YES;
				IPHONEOS_DEPLOYMENT_TARGET = 11.2;
				MTL_ENABLE_DEBUG_INFO = NO;
				SDKROOT = iphoneos;
				VALIDATE_PRODUCT = YES;
			};
			name = Release;
		};
		206B195920EC4C8900C5F62F /* Debug */ = {
			isa = XCBuildConfiguration;
			buildSettings = {
				ASSETCATALOG_COMPILER_APPICON_NAME = "iMessage App Icon";
				CODE_SIGN_STYLE = Automatic;
				INFOPLIST_FILE = "HackerStickers StickerPackExtension/Info.plist";
				PRODUCT_BUNDLE_IDENTIFIER = com.hackerlabs.HackerStickers.StickerPackExtension;
				PRODUCT_NAME = "$(TARGET_NAME)";
				SKIP_INSTALL = YES;
				TARGETED_DEVICE_FAMILY = "1,2";
			};
			name = Debug;
		};
		206B195A20EC4C8900C5F62F /* Release */ = {
			isa = XCBuildConfiguration;
			buildSettings = {
				ASSETCATALOG_COMPILER_APPICON_NAME = "iMessage App Icon";
				CODE_SIGN_STYLE = Automatic;
				INFOPLIST_FILE = "HackerStickers StickerPackExtension/Info.plist";
				PRODUCT_BUNDLE_IDENTIFIER = com.hackerlabs.HackerStickers.StickerPackExtension;
				PRODUCT_NAME = "$(TARGET_NAME)";
				SKIP_INSTALL = YES;
				TARGETED_DEVICE_FAMILY = "1,2";
			};
			name = Release;
		};
		206B195D20EC4C8900C5F62F /* Debug */ = {
			isa = XCBuildConfiguration;
			buildSettings = {
				ASSETCATALOG_COMPILER_APPICON_NAME = "iMessage App Icon";
				CODE_SIGN_STYLE = Automatic;
				INFOPLIST_FILE = HackerStickers/Info.plist;
				PRODUCT_BUNDLE_IDENTIFIER = com.hackerlabs.HackerStickers;
				PRODUCT_NAME = "$(TARGET_NAME)";
				TARGETED_DEVICE_FAMILY = "1,2";
			};
			name = Debug;
		};
		206B195E20EC4C8900C5F62F /* Release */ = {
			isa = XCBuildConfiguration;
			buildSettings = {
				ASSETCATALOG_COMPILER_APPICON_NAME = "iMessage App Icon";
				CODE_SIGN_STYLE = Automatic;
				INFOPLIST_FILE = HackerStickers/Info.plist;
				PRODUCT_BUNDLE_IDENTIFIER = com.hackerlabs.HackerStickers;
				PRODUCT_NAME = "$(TARGET_NAME)";
				TARGETED_DEVICE_FAMILY = "1,2";
			};
			name = Release;
		};
/* End XCBuildConfiguration section */

/* Begin XCConfigurationList section */
		206B194820EC4C8800C5F62F /* Build configuration list for PBXProject "HackerStickers" */ = {
			isa = XCConfigurationList;
			buildConfigurations = (
				206B195620EC4C8900C5F62F /* Debug */,
				206B195720EC4C8900C5F62F /* Release */,
			);
			defaultConfigurationIsVisible = 0;
			defaultConfigurationName = Release;
		};
		206B195820EC4C8900C5F62F /* Build configuration list for PBXNativeTarget "HackerStickers StickerPackExtension" */ = {
			isa = XCConfigurationList;
			buildConfigurations = (
				206B195920EC4C8900C5F62F /* Debug */,
				206B195A20EC4C8900C5F62F /* Release */,
			);
			defaultConfigurationIsVisible = 0;
			defaultConfigurationName = Release;
		};
		206B195C20EC4C8900C5F62F /* Build configuration list for PBXNativeTarget "HackerStickers" */ = {
			isa = XCConfigurationList;
			buildConfigurations = (
				206B195D20EC4C8900C5F62F /* Debug */,
				206B195E20EC4C8900C5F62F /* Release */,
			);
			defaultConfigurationIsVisible = 0;
			defaultConfigurationName = Release;
		};
/* End XCConfigurationList section */
	};
	rootObject = 206B194520EC4C8800C5F62F /* Project object */;
}
